
Microsoft Visual Studio Solution File, Format Version 12.00
# Visual Studio Version 17
VisualStudioVersion = 17.3.32901.215
MinimumVisualStudioVersion = 10.0.40219.1
Project("{FAE04EC0-301F-11D3-BF4B-00C04F79EFBC}") = "BasicAlgorithms", "BasicAlgorithms\BasicAlgorithms.csproj", "{6F593978-8B0D-4B8E-A34B-DEA4285C395E}"
EndProject
Project("{FAE04EC0-301F-11D3-BF4B-00C04F79EFBC}") = "BubbleSort", "BubbleSort\BubbleSort.csproj", "{A2B688A5-C134-40B2-9D0D-BBF9090E7474}"
EndProject
Global
	GlobalSection(SolutionConfigurationPlatforms) = preSolution
		Debug|Any CPU = Debug|Any CPU
		Release|Any CPU = Release|Any CPU
	EndGlobalSection
	GlobalSection(ProjectConfigurationPlatforms) = postSolution
		{6F593978-8B0D-4B8E-A34B-DEA4285C395E}.Debug|Any CPU.ActiveCfg = Debug|Any CPU
		{6F593978-8B0D-4B8E-A34B-DEA4285C395E}.Debug|Any CPU.Build.0 = Debug|Any CPU
		{6F593978-8B0D-4B8E-A34B-DEA4285C395E}.Release|Any CPU.ActiveCfg = Release|Any CPU
		{6F593978-8B0D-4B8E-A34B-DEA4285C395E}.Release|Any CPU.Build.0 = Release|Any CPU
		{A2B688A5-C134-40B2-9D0D-BBF9090E7474}.Debug|Any CPU.ActiveCfg = Debug|Any CPU
		{A2B688A5-C134-40B2-9D0D-BBF9090E7474}.Debug|Any CPU.Build.0 = Debug|Any CPU
		{A2B688A5-C134-40B2-9D0D-BBF9090E7474}.Release|Any CPU.ActiveCfg = Release|Any CPU
		{A2B688A5-C134-40B2-9D0D-BBF9090E7474}.Release|Any CPU.Build.0 = Release|Any CPU
	EndGlobalSection
	GlobalSection(SolutionProperties) = preSolution
		HideSolutionNode = FALSE
	EndGlobalSection
	GlobalSection(ExtensibilityGlobals) = postSolution
		SolutionGuid = {3D9A0F26-7CA0-4041-BB50-2DB825003315}
	EndGlobalSection
EndGlobal
